// !$*UTF8*$!
{
	archiveVersion = 1;
	classes = {
	};
	objectVersion = 50;
	objects = {

/* Begin PBXBuildFile section */
		69F311A124CB4EBE00BF3ABB /* AppDelegate.swift in Sources */ = {isa = PBXBuildFile; fileRef = 69F311A024CB4EBE00BF3ABB /* AppDelegate.swift */; };
		69F311A324CB4EBE00BF3ABB /* SceneDelegate.swift in Sources */ = {isa = PBXBuildFile; fileRef = 69F311A224CB4EBE00BF3ABB /* SceneDelegate.swift */; };
		69F311A524CB4EBE00BF3ABB /* ContentView.swift in Sources */ = {isa = PBXBuildFile; fileRef = 69F311A424CB4EBE00BF3ABB /* ContentView.swift */; };
		69F311A724CB4EC000BF3ABB /* Assets.xcassets in Resources */ = {isa = PBXBuildFile; fileRef = 69F311A624CB4EC000BF3ABB /* Assets.xcassets */; };
		69F311AA24CB4EC000BF3ABB /* Preview Assets.xcassets in Resources */ = {isa = PBXBuildFile; fileRef = 69F311A924CB4EC000BF3ABB /* Preview Assets.xcassets */; };
		69F311AD24CB4EC000BF3ABB /* LaunchScreen.storyboard in Resources */ = {isa = PBXBuildFile; fileRef = 69F311AB24CB4EC000BF3ABB /* LaunchScreen.storyboard */; };
		69F311B524CB4F0900BF3ABB /* ColorSlider.swift in Sources */ = {isa = PBXBuildFile; fileRef = 69F311B424CB4F0900BF3ABB /* ColorSlider.swift */; };
		69F311B724CB4F2300BF3ABB /* ColorView.swift in Sources */ = {isa = PBXBuildFile; fileRef = 69F311B624CB4F2300BF3ABB /* ColorView.swift */; };
/* End PBXBuildFile section */

/* Begin PBXFileReference section */
		69F3119D24CB4EBE00BF3ABB /* vitata_HW3.2.app */ = {isa = PBXFileReference; explicitFileType = wrapper.application; includeInIndex = 0; path = vitata_HW3.2.app; sourceTree = BUILT_PRODUCTS_DIR; };
		69F311A024CB4EBE00BF3ABB /* AppDelegate.swift */ = {isa = PBXFileReference; lastKnownFileType = sourcecode.swift; path = AppDelegate.swift; sourceTree = "<group>"; };
		69F311A224CB4EBE00BF3ABB /* SceneDelegate.swift */ = {isa = PBXFileReference; lastKnownFileType = sourcecode.swift; path = SceneDelegate.swift; sourceTree = "<group>"; };
		69F311A424CB4EBE00BF3ABB /* ContentView.swift */ = {isa = PBXFileReference; lastKnownFileType = sourcecode.swift; path = ContentView.swift; sourceTree = "<group>"; };
		69F311A624CB4EC000BF3ABB /* Assets.xcassets */ = {isa = PBXFileReference; lastKnownFileType = folder.assetcatalog; path = Assets.xcassets; sourceTree = "<group>"; };
		69F311A924CB4EC000BF3ABB /* Preview Assets.xcassets */ = {isa = PBXFileReference; lastKnownFileType = folder.assetcatalog; path = "Preview Assets.xcassets"; sourceTree = "<group>"; };
		69F311AC24CB4EC000BF3ABB /* Base */ = {isa = PBXFileReference; lastKnownFileType = file.storyboard; name = Base; path = Base.lproj/LaunchScreen.storyboard; sourceTree = "<group>"; };
		69F311AE24CB4EC000BF3ABB /* Info.plist */ = {isa = PBXFileReference; lastKnownFileType = text.plist.xml; path = Info.plist; sourceTree = "<group>"; };
		69F311B424CB4F0900BF3ABB /* ColorSlider.swift */ = {isa = PBXFileReference; lastKnownFileType = sourcecode.swift; path = ColorSlider.swift; sourceTree = "<group>"; };
		69F311B624CB4F2300BF3ABB /* ColorView.swift */ = {isa = PBXFileReference; lastKnownFileType = sourcecode.swift; path = ColorView.swift; sourceTree = "<group>"; };
/* End PBXFileReference section */

/* Begin PBXFrameworksBuildPhase section */
		69F3119A24CB4EBE00BF3ABB /* Frameworks */ = {
			isa = PBXFrameworksBuildPhase;
			buildActionMask = 2147483647;
			files = (
			);
			runOnlyForDeploymentPostprocessing = 0;
		};
/* End PBXFrameworksBuildPhase section */

/* Begin PBXGroup section */
		69F3119424CB4EBE00BF3ABB = {
			isa = PBXGroup;
			children = (
				69F3119F24CB4EBE00BF3ABB /* vitata_HW3.2 */,
				69F3119E24CB4EBE00BF3ABB /* Products */,
			);
			sourceTree = "<group>";
		};
		69F3119E24CB4EBE00BF3ABB /* Products */ = {
			isa = PBXGroup;
			children = (
				69F3119D24CB4EBE00BF3ABB /* vitata_HW3.2.app */,
			);
			name = Products;
			sourceTree = "<group>";
		};
		69F3119F24CB4EBE00BF3ABB /* vitata_HW3.2 */ = {
			isa = PBXGroup;
			children = (
				69F311A024CB4EBE00BF3ABB /* AppDelegate.swift */,
				69F311A224CB4EBE00BF3ABB /* SceneDelegate.swift */,
				69F311B624CB4F2300BF3ABB /* ColorView.swift */,
				69F311B424CB4F0900BF3ABB /* ColorSlider.swift */,
				69F311A424CB4EBE00BF3ABB /* ContentView.swift */,
				69F311A624CB4EC000BF3ABB /* Assets.xcassets */,
				69F311AB24CB4EC000BF3ABB /* LaunchScreen.storyboard */,
				69F311AE24CB4EC000BF3ABB /* Info.plist */,
				69F311A824CB4EC000BF3ABB /* Preview Content */,
			);
			path = vitata_HW3.2;
			sourceTree = "<group>";
		};
		69F311A824CB4EC000BF3ABB /* Preview Content */ = {
			isa = PBXGroup;
			children = (
				69F311A924CB4EC000BF3ABB /* Preview Assets.xcassets */,
			);
			path = "Preview Content";
			sourceTree = "<group>";
		};
/* End PBXGroup section */

/* Begin PBXNativeTarget section */
		69F3119C24CB4EBE00BF3ABB /* vitata_HW3.2 */ = {
			isa = PBXNativeTarget;
			buildConfigurationList = 69F311B124CB4EC000BF3ABB /* Build configuration list for PBXNativeTarget "vitata_HW3.2" */;
			buildPhases = (
				69F3119924CB4EBE00BF3ABB /* Sources */,
				69F3119A24CB4EBE00BF3ABB /* Frameworks */,
				69F3119B24CB4EBE00BF3ABB /* Resources */,
			);
			buildRules = (
			);
			dependencies = (
			);
			name = vitata_HW3.2;
			productName = vitata_HW3.2;
			productReference = 69F3119D24CB4EBE00BF3ABB /* vitata_HW3.2.app */;
			productType = "com.apple.product-type.application";
		};
/* End PBXNativeTarget section */

/* Begin PBXProject section */
		69F3119524CB4EBE00BF3ABB /* Project object */ = {
			isa = PBXProject;
			attributes = {
				LastSwiftUpdateCheck = 1160;
				LastUpgradeCheck = 1160;
				ORGANIZATIONNAME = "APNET HQ LLC";
				TargetAttributes = {
					69F3119C24CB4EBE00BF3ABB = {
						CreatedOnToolsVersion = 11.6;
					};
				};
			};
			buildConfigurationList = 69F3119824CB4EBE00BF3ABB /* Build configuration list for PBXProject "vitata_HW3.2" */;
			compatibilityVersion = "Xcode 9.3";
			developmentRegion = en;
			hasScannedForEncodings = 0;
			knownRegions = (
				en,
				Base,
			);
			mainGroup = 69F3119424CB4EBE00BF3ABB;
			productRefGroup = 69F3119E24CB4EBE00BF3ABB /* Products */;
			projectDirPath = "";
			projectRoot = "";
			targets = (
				69F3119C24CB4EBE00BF3ABB /* vitata_HW3.2 */,
			);
		};
/* End PBXProject section */

/* Begin PBXResourcesBuildPhase section */
		69F3119B24CB4EBE00BF3ABB /* Resources */ = {
			isa = PBXResourcesBuildPhase;
			buildActionMask = 2147483647;
			files = (
				69F311AD24CB4EC000BF3ABB /* LaunchScreen.storyboard in Resources */,
				69F311AA24CB4EC000BF3ABB /* Preview Assets.xcassets in Resources */,
				69F311A724CB4EC000BF3ABB /* Assets.xcassets in Resources */,
			);
			runOnlyForDeploymentPostprocessing = 0;
		};
/* End PBXResourcesBuildPhase section */

/* Begin PBXSourcesBuildPhase section */
		69F3119924CB4EBE00BF3ABB /* Sources */ = {
			isa = PBXSourcesBuildPhase;
			buildActionMask = 2147483647;
			files = (
				69F311A124CB4EBE00BF3ABB /* AppDelegate.swift in Sources */,
				69F311A324CB4EBE00BF3ABB /* SceneDelegate.swift in Sources */,
				69F311B524CB4F0900BF3ABB /* ColorSlider.swift in Sources */,
				69F311A524CB4EBE00BF3ABB /* ContentView.swift in Sources */,
				69F311B724CB4F2300BF3ABB /* ColorView.swift in Sources */,
			);
			runOnlyForDeploymentPostprocessing = 0;
		};
/* End PBXSourcesBuildPhase section */

/* Begin PBXVariantGroup section */
		69F311AB24CB4EC000BF3ABB /* LaunchScreen.storyboard */ = {
			isa = PBXVariantGroup;
			children = (
				69F311AC24CB4EC000BF3ABB /* Base */,
			);
			name = LaunchScreen.storyboard;
			sourceTree = "<group>";
		};
/* End PBXVariantGroup section */

/* Begin XCBuildConfiguration section */
		69F311AF24CB4EC000BF3ABB /* Debug */ = {
			isa = XCBuildConfiguration;
			buildSettings = {
				ALWAYS_SEARCH_USER_PATHS = NO;
				CLANG_ANALYZER_NONNULL = YES;
				CLANG_ANALYZER_NUMBER_OBJECT_CONVERSION = YES_AGGRESSIVE;
				CLANG_CXX_LANGUAGE_STANDARD = "gnu++14";
				CLANG_CXX_LIBRARY = "libc++";
				CLANG_ENABLE_MODULES = YES;
				CLANG_ENABLE_OBJC_ARC = YES;
				CLANG_ENABLE_OBJC_WEAK = YES;
				CLANG_WARN_BLOCK_CAPTURE_AUTORELEASING = YES;
				CLANG_WARN_BOOL_CONVERSION = YES;
				CLANG_WARN_COMMA = YES;
				CLANG_WARN_CONSTANT_CONVERSION = YES;
				CLANG_WARN_DEPRECATED_OBJC_IMPLEMENTATIONS = YES;
				CLANG_WARN_DIRECT_OBJC_ISA_USAGE = YES_ERROR;
				CLANG_WARN_DOCUMENTATION_COMMENTS = YES;
				CLANG_WARN_EMPTY_BODY = YES;
				CLANG_WARN_ENUM_CONVERSION = YES;
				CLANG_WARN_INFINITE_RECURSION = YES;
				CLANG_WARN_INT_CONVERSION = YES;
				CLANG_WARN_NON_LITERAL_NULL_CONVERSION = YES;
				CLANG_WARN_OBJC_IMPLICIT_RETAIN_SELF = YES;
				CLANG_WARN_OBJC_LITERAL_CONVERSION = YES;
				CLANG_WARN_OBJC_ROOT_CLASS = YES_ERROR;
				CLANG_WARN_RANGE_LOOP_ANALYSIS = YES;
				CLANG_WARN_STRICT_PROTOTYPES = YES;
				CLANG_WARN_SUSPICIOUS_MOVE = YES;
				CLANG_WARN_UNGUARDED_AVAILABILITY = YES_AGGRESSIVE;
				CLANG_WARN_UNREACHABLE_CODE = YES;
				CLANG_WARN__DUPLICATE_METHOD_MATCH = YES;
				COPY_PHASE_STRIP = NO;
				DEBUG_INFORMATION_FORMAT = dwarf;
				ENABLE_STRICT_OBJC_MSGSEND = YES;
				ENABLE_TESTABILITY = YES;
				GCC_C_LANGUAGE_STANDARD = gnu11;
				GCC_DYNAMIC_NO_PIC = NO;
				GCC_NO_COMMON_BLOCKS = YES;
				GCC_OPTIMIZATION_LEVEL = 0;
				GCC_PREPROCESSOR_DEFINITIONS = (
					"DEBUG=1",
					"$(inherited)",
				);
				GCC_WARN_64_TO_32_BIT_CONVERSION = YES;
				GCC_WARN_ABOUT_RETURN_TYPE = YES_ERROR;
				GCC_WARN_UNDECLARED_SELECTOR = YES;
				GCC_WARN_UNINITIALIZED_AUTOS = YES_AGGRESSIVE;
				GCC_WARN_UNUSED_FUNCTION = YES;
				GCC_WARN_UNUSED_VARIABLE = YES;
				IPHONEOS_DEPLOYMENT_TARGET = 13.6;
				MTL_ENABLE_DEBUG_INFO = INCLUDE_SOURCE;
				MTL_FAST_MATH = YES;
				ONLY_ACTIVE_ARCH = YES;
				SDKROOT = iphoneos;
				SWIFT_ACTIVE_COMPILATION_CONDITIONS = DEBUG;
				SWIFT_OPTIMIZATION_LEVEL = "-Onone";
			};
			name = Debug;
		};
		69F311B024CB4EC000BF3ABB /* Release */ = {
			isa = XCBuildConfiguration;
			buildSettings = {
				ALWAYS_SEARCH_USER_PATHS = NO;
				CLANG_ANALYZER_NONNULL = YES;
				CLANG_ANALYZER_NUMBER_OBJECT_CONVERSION = YES_AGGRESSIVE;
				CLANG_CXX_LANGUAGE_STANDARD = "gnu++14";
				CLANG_CXX_LIBRARY = "libc++";
				CLANG_ENABLE_MODULES = YES;
				CLANG_ENABLE_OBJC_ARC = YES;
				CLANG_ENABLE_OBJC_WEAK = YES;
				CLANG_WARN_BLOCK_CAPTURE_AUTORELEASING = YES;
				CLANG_WARN_BOOL_CONVERSION = YES;
				CLANG_WARN_COMMA = YES;
				CLANG_WARN_CONSTANT_CONVERSION = YES;
				CLANG_WARN_DEPRECATED_OBJC_IMPLEMENTATIONS = YES;
				CLANG_WARN_DIRECT_OBJC_ISA_USAGE = YES_ERROR;
				CLANG_WARN_DOCUMENTATION_COMMENTS = YES;
				CLANG_WARN_EMPTY_BODY = YES;
				CLANG_WARN_ENUM_CONVERSION = YES;
				CLANG_WARN_INFINITE_RECURSION = YES;
				CLANG_WARN_INT_CONVERSION = YES;
				CLANG_WARN_NON_LITERAL_NULL_CONVERSION = YES;
				CLANG_WARN_OBJC_IMPLICIT_RETAIN_SELF = YES;
				CLANG_WARN_OBJC_LITERAL_CONVERSION = YES;
				CLANG_WARN_OBJC_ROOT_CLASS = YES_ERROR;
				CLANG_WARN_RANGE_LOOP_ANALYSIS = YES;
				CLANG_WARN_STRICT_PROTOTYPES = YES;
				CLANG_WARN_SUSPICIOUS_MOVE = YES;
				CLANG_WARN_UNGUARDED_AVAILABILITY = YES_AGGRESSIVE;
				CLANG_WARN_UNREACHABLE_CODE = YES;
				CLANG_WARN__DUPLICATE_METHOD_MATCH = YES;
				COPY_PHASE_STRIP = NO;
				DEBUG_INFORMATION_FORMAT = "dwarf-with-dsym";
				ENABLE_NS_ASSERTIONS = NO;
				ENABLE_STRICT_OBJC_MSGSEND = YES;
				GCC_C_LANGUAGE_STANDARD = gnu11;
				GCC_NO_COMMON_BLOCKS = YES;
				GCC_WARN_64_TO_32_BIT_CONVERSION = YES;
				GCC_WARN_ABOUT_RETURN_TYPE = YES_ERROR;
				GCC_WARN_UNDECLARED_SELECTOR = YES;
				GCC_WARN_UNINITIALIZED_AUTOS = YES_AGGRESSIVE;
				GCC_WARN_UNUSED_FUNCTION = YES;
				GCC_WARN_UNUSED_VARIABLE = YES;
				IPHONEOS_DEPLOYMENT_TARGET = 13.6;
				MTL_ENABLE_DEBUG_INFO = NO;
				MTL_FAST_MATH = YES;
				SDKROOT = iphoneos;
				SWIFT_COMPILATION_MODE = wholemodule;
				SWIFT_OPTIMIZATION_LEVEL = "-O";
				VALIDATE_PRODUCT = YES;
			};
			name = Release;
		};
		69F311B224CB4EC000BF3ABB /* Debug */ = {
			isa = XCBuildConfiguration;
			buildSettings = {
				ASSETCATALOG_COMPILER_APPICON_NAME = AppIcon;
				CODE_SIGN_STYLE = Automatic;
				DEVELOPMENT_ASSET_PATHS = "\"vitata_HW3.2/Preview Content\"";
				DEVELOPMENT_TEAM = QZC579X3KH;
				ENABLE_PREVIEWS = YES;
				INFOPLIST_FILE = vitata_HW3.2/Info.plist;
				LD_RUNPATH_SEARCH_PATHS = (
					"$(inherited)",
					"@executable_path/Frameworks",
				);
				PRODUCT_BUNDLE_IDENTIFIER = "com.apnet.vitata-HW3-2";
				PRODUCT_NAME = "$(TARGET_NAME)";
				SWIFT_VERSION = 5.0;
				TARGETED_DEVICE_FAMILY = "1,2";
			};
			name = Debug;
		};
		69F311B324CB4EC000BF3ABB /* Release */ = {
			isa = XCBuildConfiguration;
			buildSettings = {
				ASSETCATALOG_COMPILER_APPICON_NAME = AppIcon;
				CODE_SIGN_STYLE = Automatic;
				DEVELOPMENT_ASSET_PATHS = "\"vitata_HW3.2/Preview Content\"";
				DEVELOPMENT_TEAM = QZC579X3KH;
				ENABLE_PREVIEWS = YES;
				INFOPLIST_FILE = vitata_HW3.2/Info.plist;
				LD_RUNPATH_SEARCH_PATHS = (
					"$(inherited)",
					"@executable_path/Frameworks",
				);
				PRODUCT_BUNDLE_IDENTIFIER = "com.apnet.vitata-HW3-2";
				PRODUCT_NAME = "$(TARGET_NAME)";
				SWIFT_VERSION = 5.0;
				TARGETED_DEVICE_FAMILY = "1,2";
			};
			name = Release;
		};
/* End XCBuildConfiguration section */

/* Begin XCConfigurationList section */
		69F3119824CB4EBE00BF3ABB /* Build configuration list for PBXProject "vitata_HW3.2" */ = {
			isa = XCConfigurationList;
			buildConfigurations = (
				69F311AF24CB4EC000BF3ABB /* Debug */,
				69F311B024CB4EC000BF3ABB /* Release */,
			);
			defaultConfigurationIsVisible = 0;
			defaultConfigurationName = Release;
		};
		69F311B124CB4EC000BF3ABB /* Build configuration list for PBXNativeTarget "vitata_HW3.2" */ = {
			isa = XCConfigurationList;
			buildConfigurations = (
				69F311B224CB4EC000BF3ABB /* Debug */,
				69F311B324CB4EC000BF3ABB /* Release */,
			);
			defaultConfigurationIsVisible = 0;
			defaultConfigurationName = Release;
		};
/* End XCConfigurationList section */
	};
	rootObject = 69F3119524CB4EBE00BF3ABB /* Project object */;
}
